
Microsoft Visual Studio Solution File, Format Version 12.00
# Visual Studio 15
VisualStudioVersion = 15.0.26430.13
MinimumVisualStudioVersion = 10.0.40219.1
Project("{2150E333-8FDC-42A3-9474-1A3956D46DE8}") = "Controls", "Controls", "{4F235BB3-4A42-4125-A86F-2920B221E7F5}"
EndProject
Project("{FAE04EC0-301F-11D3-BF4B-00C04F79EFBC}") = "Button", "Button\Button.csproj", "{41215868-24A7-4355-AF7B-144E6468C56B}"
EndProject
Project("{FAE04EC0-301F-11D3-BF4B-00C04F79EFBC}") = "CheckBox", "CheckBox\CheckBox.csproj", "{9BCCB228-925C-426F-B706-1CFBB9F2C984}"
EndProject
Project("{FAE04EC0-301F-11D3-BF4B-00C04F79EFBC}") = "FormTraining", "FormTraining\FormTraining.csproj", "{0321921A-96FF-426E-9C7F-B6B5F8A7B49C}"
EndProject
Project("{FAE04EC0-301F-11D3-BF4B-00C04F79EFBC}") = "CheckedListBox", "CheckedListBox\CheckedListBox.csproj", "{C9848C8C-5CE3-4395-97E9-EBFB3ADF6503}"
EndProject
Project("{FAE04EC0-301F-11D3-BF4B-00C04F79EFBC}") = "ComboBox", "ComboBox\ComboBox.csproj", "{393DE336-E9A0-4435-9E02-3CE8426F6565}"
EndProject
Project("{FAE04EC0-301F-11D3-BF4B-00C04F79EFBC}") = "TextBox", "TextBox\TextBox.csproj", "{15F39CF6-55D4-45FF-9B0B-D2E2BF223C0D}"
EndProject
Project("{FAE04EC0-301F-11D3-BF4B-00C04F79EFBC}") = "DateTimePicker", "DateTimePicker\DateTimePicker.csproj", "{38128DA9-EDBA-4ACE-B325-00D5F0FB9187}"
EndProject
Project("{FAE04EC0-301F-11D3-BF4B-00C04F79EFBC}") = "Label", "Label\Label.csproj", "{B39697AD-9AC3-4F29-9859-5C4082996088}"
EndProject
Project("{FAE04EC0-301F-11D3-BF4B-00C04F79EFBC}") = "ListBox", "ListBox\ListBox.csproj", "{D5A6B395-5888-4267-8D7F-19D5B40FCDB3}"
EndProject
Project("{FAE04EC0-301F-11D3-BF4B-00C04F79EFBC}") = "ListView", "ListView\ListView.csproj", "{3C627298-0771-45BA-9707-3A7BA8533D4D}"
EndProject
Project("{FAE04EC0-301F-11D3-BF4B-00C04F79EFBC}") = "MonthCalendar", "MonthCalendar\MonthCalendar.csproj", "{AC35EB41-59A0-4ECC-B732-E1DAFC72B277}"
EndProject
Project("{FAE04EC0-301F-11D3-BF4B-00C04F79EFBC}") = "NotifyIcon", "NotifyIcon\NotifyIcon.csproj", "{5B4C34BA-892B-4B0A-9038-FBDB94AA2454}"
EndProject
Project("{FAE04EC0-301F-11D3-BF4B-00C04F79EFBC}") = "PictureBox", "PictureBox\PictureBox.csproj", "{016B94E3-BEED-416D-A9F7-5ABB8CB8F5A8}"
EndProject
Project("{FAE04EC0-301F-11D3-BF4B-00C04F79EFBC}") = "ProgressBar_Timer", "ProgressBar_Timer\ProgressBar_Timer.csproj", "{135ED07D-E0F9-444E-94C6-4627EC4F924A}"
EndProject
Global
	GlobalSection(SolutionConfigurationPlatforms) = preSolution
		Debug|Any CPU = Debug|Any CPU
		Release|Any CPU = Release|Any CPU
	EndGlobalSection
	GlobalSection(ProjectConfigurationPlatforms) = postSolution
		{41215868-24A7-4355-AF7B-144E6468C56B}.Debug|Any CPU.ActiveCfg = Debug|Any CPU
		{41215868-24A7-4355-AF7B-144E6468C56B}.Debug|Any CPU.Build.0 = Debug|Any CPU
		{41215868-24A7-4355-AF7B-144E6468C56B}.Release|Any CPU.ActiveCfg = Release|Any CPU
		{41215868-24A7-4355-AF7B-144E6468C56B}.Release|Any CPU.Build.0 = Release|Any CPU
		{9BCCB228-925C-426F-B706-1CFBB9F2C984}.Debug|Any CPU.ActiveCfg = Debug|Any CPU
		{9BCCB228-925C-426F-B706-1CFBB9F2C984}.Debug|Any CPU.Build.0 = Debug|Any CPU
		{9BCCB228-925C-426F-B706-1CFBB9F2C984}.Release|Any CPU.ActiveCfg = Release|Any CPU
		{9BCCB228-925C-426F-B706-1CFBB9F2C984}.Release|Any CPU.Build.0 = Release|Any CPU
		{0321921A-96FF-426E-9C7F-B6B5F8A7B49C}.Debug|Any CPU.ActiveCfg = Debug|Any CPU
		{0321921A-96FF-426E-9C7F-B6B5F8A7B49C}.Debug|Any CPU.Build.0 = Debug|Any CPU
		{0321921A-96FF-426E-9C7F-B6B5F8A7B49C}.Release|Any CPU.ActiveCfg = Release|Any CPU
		{0321921A-96FF-426E-9C7F-B6B5F8A7B49C}.Release|Any CPU.Build.0 = Release|Any CPU
		{C9848C8C-5CE3-4395-97E9-EBFB3ADF6503}.Debug|Any CPU.ActiveCfg = Debug|Any CPU
		{C9848C8C-5CE3-4395-97E9-EBFB3ADF6503}.Debug|Any CPU.Build.0 = Debug|Any CPU
		{C9848C8C-5CE3-4395-97E9-EBFB3ADF6503}.Release|Any CPU.ActiveCfg = Release|Any CPU
		{C9848C8C-5CE3-4395-97E9-EBFB3ADF6503}.Release|Any CPU.Build.0 = Release|Any CPU
		{393DE336-E9A0-4435-9E02-3CE8426F6565}.Debug|Any CPU.ActiveCfg = Debug|Any CPU
		{393DE336-E9A0-4435-9E02-3CE8426F6565}.Debug|Any CPU.Build.0 = Debug|Any CPU
		{393DE336-E9A0-4435-9E02-3CE8426F6565}.Release|Any CPU.ActiveCfg = Release|Any CPU
		{393DE336-E9A0-4435-9E02-3CE8426F6565}.Release|Any CPU.Build.0 = Release|Any CPU
		{15F39CF6-55D4-45FF-9B0B-D2E2BF223C0D}.Debug|Any CPU.ActiveCfg = Debug|Any CPU
		{15F39CF6-55D4-45FF-9B0B-D2E2BF223C0D}.Debug|Any CPU.Build.0 = Debug|Any CPU
		{15F39CF6-55D4-45FF-9B0B-D2E2BF223C0D}.Release|Any CPU.ActiveCfg = Release|Any CPU
		{15F39CF6-55D4-45FF-9B0B-D2E2BF223C0D}.Release|Any CPU.Build.0 = Release|Any CPU
		{38128DA9-EDBA-4ACE-B325-00D5F0FB9187}.Debug|Any CPU.ActiveCfg = Debug|Any CPU
		{38128DA9-EDBA-4ACE-B325-00D5F0FB9187}.Debug|Any CPU.Build.0 = Debug|Any CPU
		{38128DA9-EDBA-4ACE-B325-00D5F0FB9187}.Release|Any CPU.ActiveCfg = Release|Any CPU
		{38128DA9-EDBA-4ACE-B325-00D5F0FB9187}.Release|Any CPU.Build.0 = Release|Any CPU
		{B39697AD-9AC3-4F29-9859-5C4082996088}.Debug|Any CPU.ActiveCfg = Debug|Any CPU
		{B39697AD-9AC3-4F29-9859-5C4082996088}.Debug|Any CPU.Build.0 = Debug|Any CPU
		{B39697AD-9AC3-4F29-9859-5C4082996088}.Release|Any CPU.ActiveCfg = Release|Any CPU
		{B39697AD-9AC3-4F29-9859-5C4082996088}.Release|Any CPU.Build.0 = Release|Any CPU
		{D5A6B395-5888-4267-8D7F-19D5B40FCDB3}.Debug|Any CPU.ActiveCfg = Debug|Any CPU
		{D5A6B395-5888-4267-8D7F-19D5B40FCDB3}.Debug|Any CPU.Build.0 = Debug|Any CPU
		{D5A6B395-5888-4267-8D7F-19D5B40FCDB3}.Release|Any CPU.ActiveCfg = Release|Any CPU
		{D5A6B395-5888-4267-8D7F-19D5B40FCDB3}.Release|Any CPU.Build.0 = Release|Any CPU
		{3C627298-0771-45BA-9707-3A7BA8533D4D}.Debug|Any CPU.ActiveCfg = Debug|Any CPU
		{3C627298-0771-45BA-9707-3A7BA8533D4D}.Debug|Any CPU.Build.0 = Debug|Any CPU
		{3C627298-0771-45BA-9707-3A7BA8533D4D}.Release|Any CPU.ActiveCfg = Release|Any CPU
		{3C627298-0771-45BA-9707-3A7BA8533D4D}.Release|Any CPU.Build.0 = Release|Any CPU
		{AC35EB41-59A0-4ECC-B732-E1DAFC72B277}.Debug|Any CPU.ActiveCfg = Debug|Any CPU
		{AC35EB41-59A0-4ECC-B732-E1DAFC72B277}.Debug|Any CPU.Build.0 = Debug|Any CPU
		{AC35EB41-59A0-4ECC-B732-E1DAFC72B277}.Release|Any CPU.ActiveCfg = Release|Any CPU
		{AC35EB41-59A0-4ECC-B732-E1DAFC72B277}.Release|Any CPU.Build.0 = Release|Any CPU
		{5B4C34BA-892B-4B0A-9038-FBDB94AA2454}.Debug|Any CPU.ActiveCfg = Debug|Any CPU
		{5B4C34BA-892B-4B0A-9038-FBDB94AA2454}.Debug|Any CPU.Build.0 = Debug|Any CPU
		{5B4C34BA-892B-4B0A-9038-FBDB94AA2454}.Release|Any CPU.ActiveCfg = Release|Any CPU
		{5B4C34BA-892B-4B0A-9038-FBDB94AA2454}.Release|Any CPU.Build.0 = Release|Any CPU
		{016B94E3-BEED-416D-A9F7-5ABB8CB8F5A8}.Debug|Any CPU.ActiveCfg = Debug|Any CPU
		{016B94E3-BEED-416D-A9F7-5ABB8CB8F5A8}.Debug|Any CPU.Build.0 = Debug|Any CPU
		{016B94E3-BEED-416D-A9F7-5ABB8CB8F5A8}.Release|Any CPU.ActiveCfg = Release|Any CPU
		{016B94E3-BEED-416D-A9F7-5ABB8CB8F5A8}.Release|Any CPU.Build.0 = Release|Any CPU
		{135ED07D-E0F9-444E-94C6-4627EC4F924A}.Debug|Any CPU.ActiveCfg = Debug|Any CPU
		{135ED07D-E0F9-444E-94C6-4627EC4F924A}.Debug|Any CPU.Build.0 = Debug|Any CPU
		{135ED07D-E0F9-444E-94C6-4627EC4F924A}.Release|Any CPU.ActiveCfg = Release|Any CPU
		{135ED07D-E0F9-444E-94C6-4627EC4F924A}.Release|Any CPU.Build.0 = Release|Any CPU
	EndGlobalSection
	GlobalSection(SolutionProperties) = preSolution
		HideSolutionNode = FALSE
	EndGlobalSection
	GlobalSection(NestedProjects) = preSolution
		{41215868-24A7-4355-AF7B-144E6468C56B} = {4F235BB3-4A42-4125-A86F-2920B221E7F5}
		{9BCCB228-925C-426F-B706-1CFBB9F2C984} = {4F235BB3-4A42-4125-A86F-2920B221E7F5}
		{0321921A-96FF-426E-9C7F-B6B5F8A7B49C} = {4F235BB3-4A42-4125-A86F-2920B221E7F5}
		{C9848C8C-5CE3-4395-97E9-EBFB3ADF6503} = {4F235BB3-4A42-4125-A86F-2920B221E7F5}
		{393DE336-E9A0-4435-9E02-3CE8426F6565} = {4F235BB3-4A42-4125-A86F-2920B221E7F5}
		{15F39CF6-55D4-45FF-9B0B-D2E2BF223C0D} = {4F235BB3-4A42-4125-A86F-2920B221E7F5}
		{38128DA9-EDBA-4ACE-B325-00D5F0FB9187} = {4F235BB3-4A42-4125-A86F-2920B221E7F5}
		{B39697AD-9AC3-4F29-9859-5C4082996088} = {4F235BB3-4A42-4125-A86F-2920B221E7F5}
		{D5A6B395-5888-4267-8D7F-19D5B40FCDB3} = {4F235BB3-4A42-4125-A86F-2920B221E7F5}
		{3C627298-0771-45BA-9707-3A7BA8533D4D} = {4F235BB3-4A42-4125-A86F-2920B221E7F5}
		{AC35EB41-59A0-4ECC-B732-E1DAFC72B277} = {4F235BB3-4A42-4125-A86F-2920B221E7F5}
		{5B4C34BA-892B-4B0A-9038-FBDB94AA2454} = {4F235BB3-4A42-4125-A86F-2920B221E7F5}
		{016B94E3-BEED-416D-A9F7-5ABB8CB8F5A8} = {4F235BB3-4A42-4125-A86F-2920B221E7F5}
		{135ED07D-E0F9-444E-94C6-4627EC4F924A} = {4F235BB3-4A42-4125-A86F-2920B221E7F5}
	EndGlobalSection
EndGlobal
