
Microsoft Visual Studio Solution File, Format Version 12.00
# Visual Studio 15
VisualStudioVersion = 15.0.26430.13
MinimumVisualStudioVersion = 10.0.40219.1
Project("{FAE04EC0-301F-11D3-BF4B-00C04F79EFBC}") = "UnitTestCodeWars", "UnitTestCodeWars\UnitTestCodeWars.csproj", "{700B297E-3BC1-42A8-AD57-1BD47E793FC2}"
EndProject
Project("{FAE04EC0-301F-11D3-BF4B-00C04F79EFBC}") = "CodeWars", "CodeWars\CodeWars.csproj", "{8D8BCE45-9919-40C2-B2FB-D5FF2E099B1B}"
EndProject
Global
	GlobalSection(SolutionConfigurationPlatforms) = preSolution
		Debug|Any CPU = Debug|Any CPU
		Release|Any CPU = Release|Any CPU
	EndGlobalSection
	GlobalSection(ProjectConfigurationPlatforms) = postSolution
		{700B297E-3BC1-42A8-AD57-1BD47E793FC2}.Debug|Any CPU.ActiveCfg = Debug|Any CPU
		{700B297E-3BC1-42A8-AD57-1BD47E793FC2}.Debug|Any CPU.Build.0 = Debug|Any CPU
		{700B297E-3BC1-42A8-AD57-1BD47E793FC2}.Release|Any CPU.ActiveCfg = Release|Any CPU
		{700B297E-3BC1-42A8-AD57-1BD47E793FC2}.Release|Any CPU.Build.0 = Release|Any CPU
		{8D8BCE45-9919-40C2-B2FB-D5FF2E099B1B}.Debug|Any CPU.ActiveCfg = Debug|Any CPU
		{8D8BCE45-9919-40C2-B2FB-D5FF2E099B1B}.Debug|Any CPU.Build.0 = Debug|Any CPU
		{8D8BCE45-9919-40C2-B2FB-D5FF2E099B1B}.Release|Any CPU.ActiveCfg = Release|Any CPU
		{8D8BCE45-9919-40C2-B2FB-D5FF2E099B1B}.Release|Any CPU.Build.0 = Release|Any CPU
	EndGlobalSection
	GlobalSection(SolutionProperties) = preSolution
		HideSolutionNode = FALSE
	EndGlobalSection
EndGlobal
